
Microsoft Visual Studio Solution File, Format Version 12.00
# Visual Studio Version 16
VisualStudioVersion = 16.0.31129.286
MinimumVisualStudioVersion = 10.0.40219.1
Project("{9A19103F-16F7-4668-BE54-9A1E7A4F7556}") = "Tests", "Tests\Tests.csproj", "{7F12AEC8-804B-4AF5-88E8-C97C0B1BE820}"
EndProject
Project("{FAE04EC0-301F-11D3-BF4B-00C04F79EFBC}") = "TestCase", "Testcase\TestCase.csproj", "{819433D0-DBC8-4223-BFB6-0A5FCF0FF1CD}"
EndProject
Project("{2150E333-8FDC-42A3-9474-1A3956D46DE8}") = "Solution Items", "Solution Items", "{F9CB33EE-3C94-48DC-900D-8DD7DB20342F}"
	ProjectSection(SolutionItems) = preProject
		TextFile1.txt = TextFile1.txt
	EndProjectSection
EndProject
Global
	GlobalSection(SolutionConfigurationPlatforms) = preSolution
		Debug|Any CPU = Debug|Any CPU
		Release|Any CPU = Release|Any CPU
	EndGlobalSection
	GlobalSection(ProjectConfigurationPlatforms) = postSolution
		{7F12AEC8-804B-4AF5-88E8-C97C0B1BE820}.Debug|Any CPU.ActiveCfg = Debug|Any CPU
		{7F12AEC8-804B-4AF5-88E8-C97C0B1BE820}.Debug|Any CPU.Build.0 = Debug|Any CPU
		{7F12AEC8-804B-4AF5-88E8-C97C0B1BE820}.Release|Any CPU.ActiveCfg = Release|Any CPU
		{7F12AEC8-804B-4AF5-88E8-C97C0B1BE820}.Release|Any CPU.Build.0 = Release|Any CPU
		{819433D0-DBC8-4223-BFB6-0A5FCF0FF1CD}.Debug|Any CPU.ActiveCfg = Debug|Any CPU
		{819433D0-DBC8-4223-BFB6-0A5FCF0FF1CD}.Debug|Any CPU.Build.0 = Debug|Any CPU
		{819433D0-DBC8-4223-BFB6-0A5FCF0FF1CD}.Release|Any CPU.ActiveCfg = Release|Any CPU
		{819433D0-DBC8-4223-BFB6-0A5FCF0FF1CD}.Release|Any CPU.Build.0 = Release|Any CPU
	EndGlobalSection
	GlobalSection(SolutionProperties) = preSolution
		HideSolutionNode = FALSE
	EndGlobalSection
	GlobalSection(ExtensibilityGlobals) = postSolution
		SolutionGuid = {53CF742C-72CB-4463-982C-9E254825AB18}
	EndGlobalSection
EndGlobal
